{
  "name": "mongodb-realm-serverless-functions",
  "version": "0.0.1",
  "lockfileVersion": 1,
  "requires": true,
  "dependencies": {
    "realm-function-exec": {
      "version": "0.0.1",
      "resolved": "https://registry.npmjs.org/realm-function-exec/-/realm-function-exec-0.0.1.tgz",
      "integrity": "sha512-WPcOV7vIs/f1CWjCrgh/PXwHzQZ1KSsmkcVHgAv8+asX8OF1KQMAS/L+kGEaoI+pxaiKsbStDSVgKyPDTafodA=="
    }
  }
}
